// !$*UTF8*$!
{
	archiveVersion = 1;
	classes = {
	};
	objectVersion = 50;
	objects = {

/* Begin PBXBuildFile section */
		5923190C25E6691000C9B1AE /* RedRectangleApp.swift in Sources */ = {isa = PBXBuildFile; fileRef = 5923190B25E6691000C9B1AE /* RedRectangleApp.swift */; };
		5923190E25E6691000C9B1AE /* ContentView.swift in Sources */ = {isa = PBXBuildFile; fileRef = 5923190D25E6691000C9B1AE /* ContentView.swift */; };
		5923191025E6691000C9B1AE /* Assets.xcassets in Resources */ = {isa = PBXBuildFile; fileRef = 5923190F25E6691000C9B1AE /* Assets.xcassets */; };
		5923191325E6691000C9B1AE /* Preview Assets.xcassets in Resources */ = {isa = PBXBuildFile; fileRef = 5923191225E6691000C9B1AE /* Preview Assets.xcassets */; };
/* End PBXBuildFile section */

/* Begin PBXContainerItemProxy section */
		5923191A25E6691000C9B1AE /* PBXContainerItemProxy */ = {
			isa = PBXContainerItemProxy;
			containerPortal = 5923190025E6691000C9B1AE /* Project object */;
			proxyType = 1;
			remoteGlobalIDString = 5923190725E6691000C9B1AE;
			remoteInfo = RedRectangle;
		};
		5923192525E6691000C9B1AE /* PBXContainerItemProxy */ = {
			isa = PBXContainerItemProxy;
			containerPortal = 5923190025E6691000C9B1AE /* Project object */;
			proxyType = 1;
			remoteGlobalIDString = 5923190725E6691000C9B1AE;
			remoteInfo = RedRectangle;
		};
/* End PBXContainerItemProxy section */

/* Begin PBXFileReference section */
		5923190825E6691000C9B1AE /* RedRectangle.app */ = {isa = PBXFileReference; explicitFileType = wrapper.application; includeInIndex = 0; name = RedRectangle.app; path = "/Users/danilocazarotodeoliveira/Documents/Dev/iOS/Projects/RedRectangle/build/Debug-iphoneos/RedRectangle.app"; sourceTree = "<absolute>"; };
		5923190B25E6691000C9B1AE /* RedRectangleApp.swift */ = {isa = PBXFileReference; lastKnownFileType = sourcecode.swift; path = RedRectangleApp.swift; sourceTree = "<group>"; };
		5923190D25E6691000C9B1AE /* ContentView.swift */ = {isa = PBXFileReference; lastKnownFileType = sourcecode.swift; path = ContentView.swift; sourceTree = "<group>"; };
		5923190F25E6691000C9B1AE /* Assets.xcassets */ = {isa = PBXFileReference; lastKnownFileType = folder.assetcatalog; path = Assets.xcassets; sourceTree = "<group>"; };
		5923191225E6691000C9B1AE /* Preview Assets.xcassets */ = {isa = PBXFileReference; lastKnownFileType = folder.assetcatalog; path = "Preview Assets.xcassets"; sourceTree = "<group>"; };
		5923191425E6691000C9B1AE /* Info.plist */ = {isa = PBXFileReference; lastKnownFileType = text.plist.xml; path = Info.plist; sourceTree = "<group>"; };
		5923191925E6691000C9B1AE /* RedRectangleTests.xctest */ = {isa = PBXFileReference; explicitFileType = wrapper.cfbundle; includeInIndex = 0; name = RedRectangleTests.xctest; path = "/Users/danilocazarotodeoliveira/Documents/Dev/iOS/Projects/RedRectangle/build/Debug-iphoneos/RedRectangleTests.xctest"; sourceTree = "<absolute>"; };
		5923192425E6691000C9B1AE /* RedRectangleUITests.xctest */ = {isa = PBXFileReference; explicitFileType = wrapper.cfbundle; includeInIndex = 0; name = RedRectangleUITests.xctest; path = "/Users/danilocazarotodeoliveira/Documents/Dev/iOS/Projects/RedRectangle/build/Debug-iphoneos/RedRectangleUITests.xctest"; sourceTree = "<absolute>"; };
/* End PBXFileReference section */

/* Begin PBXFrameworksBuildPhase section */
		5923190525E6691000C9B1AE /* Frameworks */ = {
			isa = PBXFrameworksBuildPhase;
			buildActionMask = 2147483647;
			files = (
			);
			runOnlyForDeploymentPostprocessing = 0;
		};
		5923191625E6691000C9B1AE /* Frameworks */ = {
			isa = PBXFrameworksBuildPhase;
			buildActionMask = 2147483647;
			files = (
			);
			runOnlyForDeploymentPostprocessing = 0;
		};
		5923192125E6691000C9B1AE /* Frameworks */ = {
			isa = PBXFrameworksBuildPhase;
			buildActionMask = 2147483647;
			files = (
			);
			runOnlyForDeploymentPostprocessing = 0;
		};
/* End PBXFrameworksBuildPhase section */

/* Begin PBXGroup section */
		592318FF25E6691000C9B1AE = {
			isa = PBXGroup;
			children = (
				5923190A25E6691000C9B1AE /* RedRectangle */,
			);
			sourceTree = "<group>";
		};
		5923190A25E6691000C9B1AE /* RedRectangle */ = {
			isa = PBXGroup;
			children = (
				5923190B25E6691000C9B1AE /* RedRectangleApp.swift */,
				5923190D25E6691000C9B1AE /* ContentView.swift */,
				5923190F25E6691000C9B1AE /* Assets.xcassets */,
				5923191425E6691000C9B1AE /* Info.plist */,
				5923191125E6691000C9B1AE /* Preview Content */,
			);
			path = RedRectangle;
			sourceTree = "<group>";
		};
		5923191125E6691000C9B1AE /* Preview Content */ = {
			isa = PBXGroup;
			children = (
				5923191225E6691000C9B1AE /* Preview Assets.xcassets */,
			);
			path = "Preview Content";
			sourceTree = "<group>";
		};
/* End PBXGroup section */

/* Begin PBXNativeTarget section */
		5923190725E6691000C9B1AE /* RedRectangle */ = {
			isa = PBXNativeTarget;
			buildConfigurationList = 5923192D25E6691000C9B1AE /* Build configuration list for PBXNativeTarget "RedRectangle" */;
			buildPhases = (
				5923190425E6691000C9B1AE /* Sources */,
				5923190525E6691000C9B1AE /* Frameworks */,
				5923190625E6691000C9B1AE /* Resources */,
			);
			buildRules = (
			);
			dependencies = (
			);
			name = RedRectangle;
			productName = RedRectangle;
			productReference = 5923190825E6691000C9B1AE /* RedRectangle.app */;
			productType = "com.apple.product-type.application";
		};
		5923191825E6691000C9B1AE /* RedRectangleTests */ = {
			isa = PBXNativeTarget;
			buildConfigurationList = 5923193025E6691000C9B1AE /* Build configuration list for PBXNativeTarget "RedRectangleTests" */;
			buildPhases = (
				5923191525E6691000C9B1AE /* Sources */,
				5923191625E6691000C9B1AE /* Frameworks */,
				5923191725E6691000C9B1AE /* Resources */,
			);
			buildRules = (
			);
			dependencies = (
				5923191B25E6691000C9B1AE /* PBXTargetDependency */,
			);
			name = RedRectangleTests;
			productName = RedRectangleTests;
			productReference = 5923191925E6691000C9B1AE /* RedRectangleTests.xctest */;
			productType = "com.apple.product-type.bundle.unit-test";
		};
		5923192325E6691000C9B1AE /* RedRectangleUITests */ = {
			isa = PBXNativeTarget;
			buildConfigurationList = 5923193325E6691000C9B1AE /* Build configuration list for PBXNativeTarget "RedRectangleUITests" */;
			buildPhases = (
				5923192025E6691000C9B1AE /* Sources */,
				5923192125E6691000C9B1AE /* Frameworks */,
				5923192225E6691000C9B1AE /* Resources */,
			);
			buildRules = (
			);
			dependencies = (
				5923192625E6691000C9B1AE /* PBXTargetDependency */,
			);
			name = RedRectangleUITests;
			productName = RedRectangleUITests;
			productReference = 5923192425E6691000C9B1AE /* RedRectangleUITests.xctest */;
			productType = "com.apple.product-type.bundle.ui-testing";
		};
/* End PBXNativeTarget section */

/* Begin PBXProject section */
		5923190025E6691000C9B1AE /* Project object */ = {
			isa = PBXProject;
			attributes = {
				LastSwiftUpdateCheck = 1240;
				LastUpgradeCheck = 1240;
				TargetAttributes = {
					5923190725E6691000C9B1AE = {
						CreatedOnToolsVersion = 12.4;
					};
					5923191825E6691000C9B1AE = {
						CreatedOnToolsVersion = 12.4;
						TestTargetID = 5923190725E6691000C9B1AE;
					};
					5923192325E6691000C9B1AE = {
						CreatedOnToolsVersion = 12.4;
						TestTargetID = 5923190725E6691000C9B1AE;
					};
				};
			};
			buildConfigurationList = 5923190325E6691000C9B1AE /* Build configuration list for PBXProject "RedRectangle" */;
			compatibilityVersion = "Xcode 9.3";
			developmentRegion = en;
			hasScannedForEncodings = 0;
			knownRegions = (
				en,
				Base,
			);
			mainGroup = 592318FF25E6691000C9B1AE;
			productRefGroup = 592318FF25E6691000C9B1AE;
			projectDirPath = "";
			projectRoot = "";
			targets = (
				5923190725E6691000C9B1AE /* RedRectangle */,
				5923191825E6691000C9B1AE /* RedRectangleTests */,
				5923192325E6691000C9B1AE /* RedRectangleUITests */,
			);
		};
/* End PBXProject section */

/* Begin PBXResourcesBuildPhase section */
		5923190625E6691000C9B1AE /* Resources */ = {
			isa = PBXResourcesBuildPhase;
			buildActionMask = 2147483647;
			files = (
				5923191325E6691000C9B1AE /* Preview Assets.xcassets in Resources */,
				5923191025E6691000C9B1AE /* Assets.xcassets in Resources */,
			);
			runOnlyForDeploymentPostprocessing = 0;
		};
		5923191725E6691000C9B1AE /* Resources */ = {
			isa = PBXResourcesBuildPhase;
			buildActionMask = 2147483647;
			files = (
			);
			runOnlyForDeploymentPostprocessing = 0;
		};
		5923192225E6691000C9B1AE /* Resources */ = {
			isa = PBXResourcesBuildPhase;
			buildActionMask = 2147483647;
			files = (
			);
			runOnlyForDeploymentPostprocessing = 0;
		};
/* End PBXResourcesBuildPhase section */

/* Begin PBXSourcesBuildPhase section */
		5923190425E6691000C9B1AE /* Sources */ = {
			isa = PBXSourcesBuildPhase;
			buildActionMask = 2147483647;
			files = (
				5923190E25E6691000C9B1AE /* ContentView.swift in Sources */,
				5923190C25E6691000C9B1AE /* RedRectangleApp.swift in Sources */,
			);
			runOnlyForDeploymentPostprocessing = 0;
		};
		5923191525E6691000C9B1AE /* Sources */ = {
			isa = PBXSourcesBuildPhase;
			buildActionMask = 2147483647;
			files = (
			);
			runOnlyForDeploymentPostprocessing = 0;
		};
		5923192025E6691000C9B1AE /* Sources */ = {
			isa = PBXSourcesBuildPhase;
			buildActionMask = 2147483647;
			files = (
			);
			runOnlyForDeploymentPostprocessing = 0;
		};
/* End PBXSourcesBuildPhase section */

/* Begin PBXTargetDependency section */
		5923191B25E6691000C9B1AE /* PBXTargetDependency */ = {
			isa = PBXTargetDependency;
			target = 5923190725E6691000C9B1AE /* RedRectangle */;
			targetProxy = 5923191A25E6691000C9B1AE /* PBXContainerItemProxy */;
		};
		5923192625E6691000C9B1AE /* PBXTargetDependency */ = {
			isa = PBXTargetDependency;
			target = 5923190725E6691000C9B1AE /* RedRectangle */;
			targetProxy = 5923192525E6691000C9B1AE /* PBXContainerItemProxy */;
		};
/* End PBXTargetDependency section */

/* Begin XCBuildConfiguration section */
		5923192B25E6691000C9B1AE /* Debug */ = {
			isa = XCBuildConfiguration;
			buildSettings = {
				ALWAYS_SEARCH_USER_PATHS = NO;
				CLANG_ANALYZER_NONNULL = YES;
				CLANG_ANALYZER_NUMBER_OBJECT_CONVERSION = YES_AGGRESSIVE;
				CLANG_CXX_LANGUAGE_STANDARD = "gnu++14";
				CLANG_CXX_LIBRARY = "libc++";
				CLANG_ENABLE_MODULES = YES;
				CLANG_ENABLE_OBJC_ARC = YES;
				CLANG_ENABLE_OBJC_WEAK = YES;
				CLANG_WARN_BLOCK_CAPTURE_AUTORELEASING = YES;
				CLANG_WARN_BOOL_CONVERSION = YES;
				CLANG_WARN_COMMA = YES;
				CLANG_WARN_CONSTANT_CONVERSION = YES;
				CLANG_WARN_DEPRECATED_OBJC_IMPLEMENTATIONS = YES;
				CLANG_WARN_DIRECT_OBJC_ISA_USAGE = YES_ERROR;
				CLANG_WARN_DOCUMENTATION_COMMENTS = YES;
				CLANG_WARN_EMPTY_BODY = YES;
				CLANG_WARN_ENUM_CONVERSION = YES;
				CLANG_WARN_INFINITE_RECURSION = YES;
				CLANG_WARN_INT_CONVERSION = YES;
				CLANG_WARN_NON_LITERAL_NULL_CONVERSION = YES;
				CLANG_WARN_OBJC_IMPLICIT_RETAIN_SELF = YES;
				CLANG_WARN_OBJC_LITERAL_CONVERSION = YES;
				CLANG_WARN_OBJC_ROOT_CLASS = YES_ERROR;
				CLANG_WARN_QUOTED_INCLUDE_IN_FRAMEWORK_HEADER = YES;
				CLANG_WARN_RANGE_LOOP_ANALYSIS = YES;
				CLANG_WARN_STRICT_PROTOTYPES = YES;
				CLANG_WARN_SUSPICIOUS_MOVE = YES;
				CLANG_WARN_UNGUARDED_AVAILABILITY = YES_AGGRESSIVE;
				CLANG_WARN_UNREACHABLE_CODE = YES;
				CLANG_WARN__DUPLICATE_METHOD_MATCH = YES;
				COPY_PHASE_STRIP = NO;
				DEBUG_INFORMATION_FORMAT = dwarf;
				ENABLE_STRICT_OBJC_MSGSEND = YES;
				ENABLE_TESTABILITY = YES;
				GCC_C_LANGUAGE_STANDARD = gnu11;
				GCC_DYNAMIC_NO_PIC = NO;
				GCC_NO_COMMON_BLOCKS = YES;
				GCC_OPTIMIZATION_LEVEL = 0;
				GCC_PREPROCESSOR_DEFINITIONS = (
					"DEBUG=1",
					"$(inherited)",
				);
				GCC_WARN_64_TO_32_BIT_CONVERSION = YES;
				GCC_WARN_ABOUT_RETURN_TYPE = YES_ERROR;
				GCC_WARN_UNDECLARED_SELECTOR = YES;
				GCC_WARN_UNINITIALIZED_AUTOS = YES_AGGRESSIVE;
				GCC_WARN_UNUSED_FUNCTION = YES;
				GCC_WARN_UNUSED_VARIABLE = YES;
				IPHONEOS_DEPLOYMENT_TARGET = 14.4;
				MTL_ENABLE_DEBUG_INFO = INCLUDE_SOURCE;
				MTL_FAST_MATH = YES;
				ONLY_ACTIVE_ARCH = YES;
				SDKROOT = iphoneos;
				SWIFT_ACTIVE_COMPILATION_CONDITIONS = DEBUG;
				SWIFT_OPTIMIZATION_LEVEL = "-Onone";
			};
			name = Debug;
		};
		5923192C25E6691000C9B1AE /* Release */ = {
			isa = XCBuildConfiguration;
			buildSettings = {
				ALWAYS_SEARCH_USER_PATHS = NO;
				CLANG_ANALYZER_NONNULL = YES;
				CLANG_ANALYZER_NUMBER_OBJECT_CONVERSION = YES_AGGRESSIVE;
				CLANG_CXX_LANGUAGE_STANDARD = "gnu++14";
				CLANG_CXX_LIBRARY = "libc++";
				CLANG_ENABLE_MODULES = YES;
				CLANG_ENABLE_OBJC_ARC = YES;
				CLANG_ENABLE_OBJC_WEAK = YES;
				CLANG_WARN_BLOCK_CAPTURE_AUTORELEASING = YES;
				CLANG_WARN_BOOL_CONVERSION = YES;
				CLANG_WARN_COMMA = YES;
				CLANG_WARN_CONSTANT_CONVERSION = YES;
				CLANG_WARN_DEPRECATED_OBJC_IMPLEMENTATIONS = YES;
				CLANG_WARN_DIRECT_OBJC_ISA_USAGE = YES_ERROR;
				CLANG_WARN_DOCUMENTATION_COMMENTS = YES;
				CLANG_WARN_EMPTY_BODY = YES;
				CLANG_WARN_ENUM_CONVERSION = YES;
				CLANG_WARN_INFINITE_RECURSION = YES;
				CLANG_WARN_INT_CONVERSION = YES;
				CLANG_WARN_NON_LITERAL_NULL_CONVERSION = YES;
				CLANG_WARN_OBJC_IMPLICIT_RETAIN_SELF = YES;
				CLANG_WARN_OBJC_LITERAL_CONVERSION = YES;
				CLANG_WARN_OBJC_ROOT_CLASS = YES_ERROR;
				CLANG_WARN_QUOTED_INCLUDE_IN_FRAMEWORK_HEADER = YES;
				CLANG_WARN_RANGE_LOOP_ANALYSIS = YES;
				CLANG_WARN_STRICT_PROTOTYPES = YES;
				CLANG_WARN_SUSPICIOUS_MOVE = YES;
				CLANG_WARN_UNGUARDED_AVAILABILITY = YES_AGGRESSIVE;
				CLANG_WARN_UNREACHABLE_CODE = YES;
				CLANG_WARN__DUPLICATE_METHOD_MATCH = YES;
				COPY_PHASE_STRIP = NO;
				DEBUG_INFORMATION_FORMAT = "dwarf-with-dsym";
				ENABLE_NS_ASSERTIONS = NO;
				ENABLE_STRICT_OBJC_MSGSEND = YES;
				GCC_C_LANGUAGE_STANDARD = gnu11;
				GCC_NO_COMMON_BLOCKS = YES;
				GCC_WARN_64_TO_32_BIT_CONVERSION = YES;
				GCC_WARN_ABOUT_RETURN_TYPE = YES_ERROR;
				GCC_WARN_UNDECLARED_SELECTOR = YES;
				GCC_WARN_UNINITIALIZED_AUTOS = YES_AGGRESSIVE;
				GCC_WARN_UNUSED_FUNCTION = YES;
				GCC_WARN_UNUSED_VARIABLE = YES;
				IPHONEOS_DEPLOYMENT_TARGET = 14.4;
				MTL_ENABLE_DEBUG_INFO = NO;
				MTL_FAST_MATH = YES;
				SDKROOT = iphoneos;
				SWIFT_COMPILATION_MODE = wholemodule;
				SWIFT_OPTIMIZATION_LEVEL = "-O";
				VALIDATE_PRODUCT = YES;
			};
			name = Release;
		};
		5923192E25E6691000C9B1AE /* Debug */ = {
			isa = XCBuildConfiguration;
			buildSettings = {
				ASSETCATALOG_COMPILER_APPICON_NAME = AppIcon;
				ASSETCATALOG_COMPILER_GLOBAL_ACCENT_COLOR_NAME = AccentColor;
				CODE_SIGN_STYLE = Automatic;
				DEVELOPMENT_ASSET_PATHS = "\"RedRectangle/Preview Content\"";
				DEVELOPMENT_TEAM = 9Q35DQ6RDG;
				ENABLE_PREVIEWS = YES;
				INFOPLIST_FILE = RedRectangle/Info.plist;
				IPHONEOS_DEPLOYMENT_TARGET = 14.0;
				LD_RUNPATH_SEARCH_PATHS = (
					"$(inherited)",
					"@executable_path/Frameworks",
				);
				PRODUCT_BUNDLE_IDENTIFIER = com.cazaroto.danilo.RedRectangle;
				PRODUCT_NAME = "$(TARGET_NAME)";
				SWIFT_VERSION = 5.0;
				TARGETED_DEVICE_FAMILY = "1,2";
			};
			name = Debug;
		};
		5923192F25E6691000C9B1AE /* Release */ = {
			isa = XCBuildConfiguration;
			buildSettings = {
				ASSETCATALOG_COMPILER_APPICON_NAME = AppIcon;
				ASSETCATALOG_COMPILER_GLOBAL_ACCENT_COLOR_NAME = AccentColor;
				CODE_SIGN_STYLE = Automatic;
				DEVELOPMENT_ASSET_PATHS = "\"RedRectangle/Preview Content\"";
				DEVELOPMENT_TEAM = 9Q35DQ6RDG;
				ENABLE_PREVIEWS = YES;
				INFOPLIST_FILE = RedRectangle/Info.plist;
				IPHONEOS_DEPLOYMENT_TARGET = 14.0;
				LD_RUNPATH_SEARCH_PATHS = (
					"$(inherited)",
					"@executable_path/Frameworks",
				);
				PRODUCT_BUNDLE_IDENTIFIER = com.cazaroto.danilo.RedRectangle;
				PRODUCT_NAME = "$(TARGET_NAME)";
				SWIFT_VERSION = 5.0;
				TARGETED_DEVICE_FAMILY = "1,2";
			};
			name = Release;
		};
		5923193125E6691000C9B1AE /* Debug */ = {
			isa = XCBuildConfiguration;
			buildSettings = {
				ALWAYS_EMBED_SWIFT_STANDARD_LIBRARIES = YES;
				BUNDLE_LOADER = "$(TEST_HOST)";
				CODE_SIGN_STYLE = Automatic;
				DEVELOPMENT_TEAM = 9Q35DQ6RDG;
				INFOPLIST_FILE = RedRectangleTests/Info.plist;
				IPHONEOS_DEPLOYMENT_TARGET = 14.0;
				LD_RUNPATH_SEARCH_PATHS = (
					"$(inherited)",
					"@executable_path/Frameworks",
					"@loader_path/Frameworks",
				);
				PRODUCT_BUNDLE_IDENTIFIER = com.cazaroto.danilo.RedRectangleTests;
				PRODUCT_NAME = "$(TARGET_NAME)";
				SWIFT_VERSION = 5.0;
				TARGETED_DEVICE_FAMILY = "1,2";
				TEST_HOST = "$(BUILT_PRODUCTS_DIR)/RedRectangle.app/RedRectangle";
			};
			name = Debug;
		};
		5923193225E6691000C9B1AE /* Release */ = {
			isa = XCBuildConfiguration;
			buildSettings = {
				ALWAYS_EMBED_SWIFT_STANDARD_LIBRARIES = YES;
				BUNDLE_LOADER = "$(TEST_HOST)";
				CODE_SIGN_STYLE = Automatic;
				DEVELOPMENT_TEAM = 9Q35DQ6RDG;
				INFOPLIST_FILE = RedRectangleTests/Info.plist;
				IPHONEOS_DEPLOYMENT_TARGET = 14.0;
				LD_RUNPATH_SEARCH_PATHS = (
					"$(inherited)",
					"@executable_path/Frameworks",
					"@loader_path/Frameworks",
				);
				PRODUCT_BUNDLE_IDENTIFIER = com.cazaroto.danilo.RedRectangleTests;
				PRODUCT_NAME = "$(TARGET_NAME)";
				SWIFT_VERSION = 5.0;
				TARGETED_DEVICE_FAMILY = "1,2";
				TEST_HOST = "$(BUILT_PRODUCTS_DIR)/RedRectangle.app/RedRectangle";
			};
			name = Release;
		};
		5923193425E6691000C9B1AE /* Debug */ = {
			isa = XCBuildConfiguration;
			buildSettings = {
				ALWAYS_EMBED_SWIFT_STANDARD_LIBRARIES = YES;
				CODE_SIGN_STYLE = Automatic;
				DEVELOPMENT_TEAM = 9Q35DQ6RDG;
				INFOPLIST_FILE = RedRectangleUITests/Info.plist;
				LD_RUNPATH_SEARCH_PATHS = (
					"$(inherited)",
					"@executable_path/Frameworks",
					"@loader_path/Frameworks",
				);
				PRODUCT_BUNDLE_IDENTIFIER = com.cazaroto.danilo.RedRectangleUITests;
				PRODUCT_NAME = "$(TARGET_NAME)";
				SWIFT_VERSION = 5.0;
				TARGETED_DEVICE_FAMILY = "1,2";
				TEST_TARGET_NAME = RedRectangle;
			};
			name = Debug;
		};
		5923193525E6691000C9B1AE /* Release */ = {
			isa = XCBuildConfiguration;
			buildSettings = {
				ALWAYS_EMBED_SWIFT_STANDARD_LIBRARIES = YES;
				CODE_SIGN_STYLE = Automatic;
				DEVELOPMENT_TEAM = 9Q35DQ6RDG;
				INFOPLIST_FILE = RedRectangleUITests/Info.plist;
				LD_RUNPATH_SEARCH_PATHS = (
					"$(inherited)",
					"@executable_path/Frameworks",
					"@loader_path/Frameworks",
				);
				PRODUCT_BUNDLE_IDENTIFIER = com.cazaroto.danilo.RedRectangleUITests;
				PRODUCT_NAME = "$(TARGET_NAME)";
				SWIFT_VERSION = 5.0;
				TARGETED_DEVICE_FAMILY = "1,2";
				TEST_TARGET_NAME = RedRectangle;
			};
			name = Release;
		};
/* End XCBuildConfiguration section */

/* Begin XCConfigurationList section */
		5923190325E6691000C9B1AE /* Build configuration list for PBXProject "RedRectangle" */ = {
			isa = XCConfigurationList;
			buildConfigurations = (
				5923192B25E6691000C9B1AE /* Debug */,
				5923192C25E6691000C9B1AE /* Release */,
			);
			defaultConfigurationIsVisible = 0;
			defaultConfigurationName = Release;
		};
		5923192D25E6691000C9B1AE /* Build configuration list for PBXNativeTarget "RedRectangle" */ = {
			isa = XCConfigurationList;
			buildConfigurations = (
				5923192E25E6691000C9B1AE /* Debug */,
				5923192F25E6691000C9B1AE /* Release */,
			);
			defaultConfigurationIsVisible = 0;
			defaultConfigurationName = Release;
		};
		5923193025E6691000C9B1AE /* Build configuration list for PBXNativeTarget "RedRectangleTests" */ = {
			isa = XCConfigurationList;
			buildConfigurations = (
				5923193125E6691000C9B1AE /* Debug */,
				5923193225E6691000C9B1AE /* Release */,
			);
			defaultConfigurationIsVisible = 0;
			defaultConfigurationName = Release;
		};
		5923193325E6691000C9B1AE /* Build configuration list for PBXNativeTarget "RedRectangleUITests" */ = {
			isa = XCConfigurationList;
			buildConfigurations = (
				5923193425E6691000C9B1AE /* Debug */,
				5923193525E6691000C9B1AE /* Release */,
			);
			defaultConfigurationIsVisible = 0;
			defaultConfigurationName = Release;
		};
/* End XCConfigurationList section */
	};
	rootObject = 5923190025E6691000C9B1AE /* Project object */;
}
